
Microsoft Visual Studio Solution File, Format Version 12.00
# Visual Studio Version 17
VisualStudioVersion = 17.7.34221.43
MinimumVisualStudioVersion = 10.0.40219.1
Project("{FAE04EC0-301F-11D3-BF4B-00C04F79EFBC}") = "ConsoleApp1", "ConsoleApp1.csproj", "{C133D448-B328-492C-8F96-A2FC7BED104A}"
EndProject
Global
	GlobalSection(SolutionConfigurationPlatforms) = preSolution
		Debug|Any CPU = Debug|Any CPU
		Release|Any CPU = Release|Any CPU
	EndGlobalSection
	GlobalSection(ProjectConfigurationPlatforms) = postSolution
		{C133D448-B328-492C-8F96-A2FC7BED104A}.Debug|Any CPU.ActiveCfg = Debug|Any CPU
		{C133D448-B328-492C-8F96-A2FC7BED104A}.Debug|Any CPU.Build.0 = Debug|Any CPU
		{C133D448-B328-492C-8F96-A2FC7BED104A}.Release|Any CPU.ActiveCfg = Release|Any CPU
		{C133D448-B328-492C-8F96-A2FC7BED104A}.Release|Any CPU.Build.0 = Release|Any CPU
	EndGlobalSection
	GlobalSection(SolutionProperties) = preSolution
		HideSolutionNode = FALSE
	EndGlobalSection
	GlobalSection(ExtensibilityGlobals) = postSolution
		SolutionGuid = {3840B409-A907-4CF5-9A75-9B278C232AAD}
	EndGlobalSection
EndGlobal
